
Microsoft Visual Studio Solution File, Format Version 12.00
# Visual Studio Version 16
VisualStudioVersion = 16.0.30907.101
MinimumVisualStudioVersion = 10.0.40219.1
Project("{FAE04EC0-301F-11D3-BF4B-00C04F79EFBC}") = "RabbitMQ.MassTransit.Api", "RabbitMQ.MassTransit.Api\RabbitMQ.MassTransit.Api.csproj", "{864A7F9A-4F26-48BC-8D41-92AB93F8B28C}"
EndProject
Global
	GlobalSection(SolutionConfigurationPlatforms) = preSolution
		Debug|Any CPU = Debug|Any CPU
		Release|Any CPU = Release|Any CPU
	EndGlobalSection
	GlobalSection(ProjectConfigurationPlatforms) = postSolution
		{864A7F9A-4F26-48BC-8D41-92AB93F8B28C}.Debug|Any CPU.ActiveCfg = Debug|Any CPU
		{864A7F9A-4F26-48BC-8D41-92AB93F8B28C}.Debug|Any CPU.Build.0 = Debug|Any CPU
		{864A7F9A-4F26-48BC-8D41-92AB93F8B28C}.Release|Any CPU.ActiveCfg = Release|Any CPU
		{864A7F9A-4F26-48BC-8D41-92AB93F8B28C}.Release|Any CPU.Build.0 = Release|Any CPU
	EndGlobalSection
	GlobalSection(SolutionProperties) = preSolution
		HideSolutionNode = FALSE
	EndGlobalSection
	GlobalSection(ExtensibilityGlobals) = postSolution
		SolutionGuid = {744E1528-3BB2-4C7C-95A4-65268F2EE2B4}
	EndGlobalSection
EndGlobal
